{
  "name": "launch-audit-platform",
  "version": "0.1.0",
  "lockfileVersion": 3,
  "requires": true,
  "packages": {
    "": {
      "name": "launch-audit-platform",
      "version": "0.1.0",
      "dependencies": {
        "@neondatabase/serverless": "^1.1.0"
      },
      "devDependencies": {
        "@electric-sql/pglite": "^0.5.1"
      }
    },
    "node_modules/@electric-sql/pglite": {
      "version": "0.5.1",
      "resolved": "https://registry.npmjs.org/@electric-sql/pglite/-/pglite-0.5.1.tgz",
      "integrity": "sha512-h2Vc+qkQqsEL5kvyN5nBAxn3Vbyvka7QfDW7Io+CdcwU1+X8JbCAN2og+5dI11S3eJuDfroUCxzJaap6k+ezEw==",
      "dev": true,
      "license": "Apache-2.0"
    },
    "node_modules/@neondatabase/serverless": {
      "version": "1.1.0",
      "resolved": "https://registry.npmjs.org/@neondatabase/serverless/-/serverless-1.1.0.tgz",
      "integrity": "sha512-r3ZZhRjEcfEdKIZnoB1RusNgvHuaBRqfCzV4Gi+5A9yUX0S4HTws/ASWqt13wL4y4I+0rqsWGdA2w7EQXHi3+Q==",
      "license": "MIT",
      "engines": {
        "node": ">=19.0.0"
      }
    }
  }
}
